
Microsoft Visual Studio Solution File, Format Version 12.00
# Visual Studio Version 16
VisualStudioVersion = 16.0.29503.13
MinimumVisualStudioVersion = 10.0.40219.1
Project("{8BC9CEB8-8B4A-11D0-8D11-00A0C91BC942}") = "Bridel'sGameEngine", "Bridel'sGameEngine\Bridel'sGameEngine.vcxproj", "{F1290F24-0EDA-4134-B588-116C64D83DDD}"
EndProject
Global
	GlobalSection(SolutionConfigurationPlatforms) = preSolution
		Debug|x64 = Debug|x64
		Release|x64 = Release|x64
	EndGlobalSection
	GlobalSection(ProjectConfigurationPlatforms) = postSolution
		{F1290F24-0EDA-4134-B588-116C64D83DDD}.Debug|x64.ActiveCfg = Debug|x64
		{F1290F24-0EDA-4134-B588-116C64D83DDD}.Debug|x64.Build.0 = Debug|x64
		{F1290F24-0EDA-4134-B588-116C64D83DDD}.Release|x64.ActiveCfg = Release|x64
		{F1290F24-0EDA-4134-B588-116C64D83DDD}.Release|x64.Build.0 = Release|x64
	EndGlobalSection
	GlobalSection(SolutionProperties) = preSolution
		HideSolutionNode = FALSE
	EndGlobalSection
	GlobalSection(ExtensibilityGlobals) = postSolution
		SolutionGuid = {5F670F00-3DDD-40D4-9B4F-4C2D72EE151D}
	EndGlobalSection
EndGlobal
