<?xml version="1.0" encoding="utf-8"?>
<Project ToolsVersion="4.0" xmlns="http://schemas.microsoft.com/developer/msbuild/2003">
  <ItemGroup>
    <Filter Include="Исходные файлы">
      <UniqueIdentifier>{4FC737F1-C7A5-4376-A066-2A32D752A2FF}</UniqueIdentifier>
      <Extensions>cpp;c;cc;cxx;def;odl;idl;hpj;bat;asm;asmx</Extensions>
    </Filter>
    <Filter Include="Файлы заголовков">
      <UniqueIdentifier>{93995380-89BD-4b04-88EB-625FBE52EBFB}</UniqueIdentifier>
      <Extensions>h;hh;hpp;hxx;hm;inl;inc;ipp;xsd</Extensions>
    </Filter>
    <Filter Include="Файлы ресурсов">
      <UniqueIdentifier>{67DA6AB6-F800-4c08-8B7A-83BB121AAD01}</UniqueIdentifier>
      <Extensions>rc;ico;cur;bmp;dlg;rc2;rct;bin;rgs;gif;jpg;jpeg;jpe;resx;tiff;tif;png;wav;mfcribbon-ms</Extensions>
    </Filter>
    <Filter Include="Shader">
      <UniqueIdentifier>{af0bf659-77cd-42ec-bce8-45948d6f6eea}</UniqueIdentifier>
    </Filter>
    <Filter Include="Файлы заголовков\Macros">
      <UniqueIdentifier>{2f1493b0-5db6-4a24-8fdf-dcf9a119f6fb}</UniqueIdentifier>
    </Filter>
    <Filter Include="Dxerr">
      <UniqueIdentifier>{757d2f9a-92eb-4b5b-8392-ef40f416b190}</UniqueIdentifier>
    </Filter>
    <Filter Include="Файлы заголовков\Bindable">
      <UniqueIdentifier>{e506c633-494f-44d3-afd8-b2d2893af1aa}</UniqueIdentifier>
    </Filter>
    <Filter Include="Файлы заголовков\Drawable">
      <UniqueIdentifier>{e2c21384-e4e9-4ab1-9772-94c74a60040d}</UniqueIdentifier>
    </Filter>
    <Filter Include="Исходные файлы\Bindable">
      <UniqueIdentifier>{c94a7b88-3db3-4c25-93d5-5718cdf452c6}</UniqueIdentifier>
    </Filter>
    <Filter Include="Исходные файлы\Drawable">
      <UniqueIdentifier>{bef88a22-95a1-4bbd-9e14-b1e41f3cacb7}</UniqueIdentifier>
    </Filter>
    <Filter Include="Файлы заголовков\Drawable\Primitives">
      <UniqueIdentifier>{db5a4f7b-1d42-455b-86a2-24b048638067}</UniqueIdentifier>
    </Filter>
    <Filter Include="Исходные файлы\Drawable\Primitives">
      <UniqueIdentifier>{535a2583-ecfe-4500-b74b-0cbaca947336}</UniqueIdentifier>
    </Filter>
    <Filter Include="ImGui">
      <UniqueIdentifier>{156316a1-53d1-4a00-9545-0933faad7457}</UniqueIdentifier>
    </Filter>
  </ItemGroup>
  <ItemGroup>
    <ClCompile Include="..\..\Bridel%27sGameEngine\Bridel%27sGameEngine\WinMain.cpp">
      <Filter>Исходные файлы</Filter>
    </ClCompile>
    <ClCompile Include="..\..\Bridel%27sGameEngine\Bridel%27sGameEngine\Window.cpp">
      <Filter>Исходные файлы</Filter>
    </ClCompile>
    <ClCompile Include="..\..\Bridel%27sGameEngine\Bridel%27sGameEngine\ExceptionFinder.cpp">
      <Filter>Исходные файлы</Filter>
    </ClCompile>
    <ClCompile Include="..\..\Bridel%27sGameEngine\Bridel%27sGameEngine\Keyboard.cpp">
      <Filter>Исходные файлы</Filter>
    </ClCompile>
    <ClCompile Include="..\..\Bridel%27sGameEngine\Bridel%27sGameEngine\Mouse.cpp">
      <Filter>Исходные файлы</Filter>
    </ClCompile>
    <ClCompile Include="..\..\Bridel%27sGameEngine\Bridel%27sGameEngine\App.cpp">
      <Filter>Исходные файлы</Filter>
    </ClCompile>
    <ClCompile Include="..\..\Bridel%27sGameEngine\Bridel%27sGameEngine\Timer.cpp">
      <Filter>Исходные файлы</Filter>
    </ClCompile>
    <ClCompile Include="..\..\Bridel%27sGameEngine\Bridel%27sGameEngine\Graphics.cpp">
      <Filter>Исходные файлы</Filter>
    </ClCompile>
    <ClCompile Include="..\..\Bridel%27sGameEngine\Bridel%27sGameEngine\dxerr.cpp">
      <Filter>Dxerr</Filter>
    </ClCompile>
    <ClCompile Include="..\..\Bridel%27sGameEngine\Bridel%27sGameEngine\DxgiInfoManager.cpp">
      <Filter>Исходные файлы</Filter>
    </ClCompile>
    <ClCompile Include="..\..\Bridel%27sGameEngine\Bridel%27sGameEngine\Topology.cpp">
      <Filter>Исходные файлы\Bindable</Filter>
    </ClCompile>
    <ClCompile Include="..\..\Bridel%27sGameEngine\Bridel%27sGameEngine\Bindable.cpp">
      <Filter>Исходные файлы\Bindable</Filter>
    </ClCompile>
    <ClCompile Include="..\..\Bridel%27sGameEngine\Bridel%27sGameEngine\IndexBuffer.cpp">
      <Filter>Исходные файлы\Bindable</Filter>
    </ClCompile>
    <ClCompile Include="..\..\Bridel%27sGameEngine\Bridel%27sGameEngine\InputLayout.cpp">
      <Filter>Исходные файлы\Bindable</Filter>
    </ClCompile>
    <ClCompile Include="..\..\Bridel%27sGameEngine\Bridel%27sGameEngine\PixelShader.cpp">
      <Filter>Исходные файлы\Bindable</Filter>
    </ClCompile>
    <ClCompile Include="..\..\Bridel%27sGameEngine\Bridel%27sGameEngine\VertexBuffer.cpp">
      <Filter>Исходные файлы\Bindable</Filter>
    </ClCompile>
    <ClCompile Include="..\..\Bridel%27sGameEngine\Bridel%27sGameEngine\VertexShader.cpp">
      <Filter>Исходные файлы\Bindable</Filter>
    </ClCompile>
    <ClCompile Include="..\..\Bridel%27sGameEngine\Bridel%27sGameEngine\TransformCbuf.cpp">
      <Filter>Исходные файлы\Bindable</Filter>
    </ClCompile>
    <ClCompile Include="..\..\Bridel%27sGameEngine\Bridel%27sGameEngine\Drawable.cpp">
      <Filter>Исходные файлы\Drawable</Filter>
    </ClCompile>
    <ClCompile Include="..\..\Bridel%27sGameEngine\Bridel%27sGameEngine\Surface.cpp">
      <Filter>Исходные файлы</Filter>
    </ClCompile>
    <ClCompile Include="..\..\Bridel%27sGameEngine\Bridel%27sGameEngine\GDIPlusManager.cpp">
      <Filter>Исходные файлы</Filter>
    </ClCompile>
    <ClCompile Include="..\..\Bridel%27sGameEngine\Bridel%27sGameEngine\Sampler.cpp">
      <Filter>Исходные файлы\Bindable</Filter>
    </ClCompile>
    <ClCompile Include="..\..\Bridel%27sGameEngine\Bridel%27sGameEngine\Texture.cpp">
      <Filter>Исходные файлы\Bindable</Filter>
    </ClCompile>
    <ClCompile Include="..\..\Bridel%27sGameEngine\Bridel%27sGameEngine\ImGui\imgui.cpp">
      <Filter>ImGui</Filter>
    </ClCompile>
    <ClCompile Include="..\..\Bridel%27sGameEngine\Bridel%27sGameEngine\ImGui\imgui_demo.cpp">
      <Filter>ImGui</Filter>
    </ClCompile>
    <ClCompile Include="..\..\Bridel%27sGameEngine\Bridel%27sGameEngine\ImGui\imgui_draw.cpp">
      <Filter>ImGui</Filter>
    </ClCompile>
    <ClCompile Include="..\..\Bridel%27sGameEngine\Bridel%27sGameEngine\ImGui\imgui_widgets.cpp">
      <Filter>ImGui</Filter>
    </ClCompile>
    <ClCompile Include="..\..\Bridel%27sGameEngine\Bridel%27sGameEngine\ImGui\imgui_impl_dx11.cpp">
      <Filter>ImGui</Filter>
    </ClCompile>
    <ClCompile Include="..\..\Bridel%27sGameEngine\Bridel%27sGameEngine\ImGui\imgui_impl_win32.cpp">
      <Filter>ImGui</Filter>
    </ClCompile>
    <ClCompile Include="..\..\Bridel%27sGameEngine\Bridel%27sGameEngine\ImGuiManager.cpp">
      <Filter>Исходные файлы</Filter>
    </ClCompile>
    <ClCompile Include="..\..\Bridel%27sGameEngine\Bridel%27sGameEngine\Camera.cpp">
      <Filter>Исходные файлы</Filter>
    </ClCompile>
    <ClCompile Include="..\..\Bridel%27sGameEngine\Bridel%27sGameEngine\SolidSphere.cpp">
      <Filter>Исходные файлы\Drawable\Primitives</Filter>
    </ClCompile>
    <ClCompile Include="..\..\Bridel%27sGameEngine\Bridel%27sGameEngine\PointLight.cpp">
      <Filter>Исходные файлы</Filter>
    </ClCompile>
    <ClCompile Include="..\..\Bridel%27sGameEngine\Bridel%27sGameEngine\AssTest.cpp">
      <Filter>Исходные файлы</Filter>
    </ClCompile>
    <ClCompile Include="..\..\Bridel%27sGameEngine\Bridel%27sGameEngine\Vertex.cpp">
      <Filter>Исходные файлы</Filter>
    </ClCompile>
    <ClCompile Include="..\..\Bridel%27sGameEngine\Bridel%27sGameEngine\Mesh.cpp">
      <Filter>Исходные файлы\Drawable</Filter>
    </ClCompile>
  </ItemGroup>
  <ItemGroup>
    <ClInclude Include="..\..\Bridel%27sGameEngine\Bridel%27sGameEngine\WindowsInclude.h">
      <Filter>Файлы заголовков</Filter>
    </ClInclude>
    <ClInclude Include="..\..\Bridel%27sGameEngine\Bridel%27sGameEngine\Window.h">
      <Filter>Файлы заголовков</Filter>
    </ClInclude>
    <ClInclude Include="..\..\Bridel%27sGameEngine\Bridel%27sGameEngine\ExceptionFinder.h">
      <Filter>Файлы заголовков</Filter>
    </ClInclude>
    <ClInclude Include="..\..\Bridel%27sGameEngine\Bridel%27sGameEngine\Keyboard.h">
      <Filter>Файлы заголовков</Filter>
    </ClInclude>
    <ClInclude Include="..\..\Bridel%27sGameEngine\Bridel%27sGameEngine\Mouse.h">
      <Filter>Файлы заголовков</Filter>
    </ClInclude>
    <ClInclude Include="..\..\Bridel%27sGameEngine\Bridel%27sGameEngine\App.h">
      <Filter>Файлы заголовков</Filter>
    </ClInclude>
    <ClInclude Include="..\..\Bridel%27sGameEngine\Bridel%27sGameEngine\Timer.h">
      <Filter>Файлы заголовков</Filter>
    </ClInclude>
    <ClInclude Include="..\..\Bridel%27sGameEngine\Bridel%27sGameEngine\Graphics.h">
      <Filter>Файлы заголовков</Filter>
    </ClInclude>
    <ClInclude Include="..\..\Bridel%27sGameEngine\Bridel%27sGameEngine\DxgiInfoManager.h">
      <Filter>Файлы заголовков</Filter>
    </ClInclude>
    <ClInclude Include="..\..\Bridel%27sGameEngine\Bridel%27sGameEngine\dxerr.h">
      <Filter>Dxerr</Filter>
    </ClInclude>
    <ClInclude Include="..\..\Bridel%27sGameEngine\Bridel%27sGameEngine\GraphicsThrowMacros.h">
      <Filter>Файлы заголовков\Macros</Filter>
    </ClInclude>
    <ClInclude Include="..\..\Bridel%27sGameEngine\Bridel%27sGameEngine\WindowsThrowMacros.h">
      <Filter>Файлы заголовков\Macros</Filter>
    </ClInclude>
    <ClInclude Include="..\..\Bridel%27sGameEngine\Bridel%27sGameEngine\Bindable.h">
      <Filter>Файлы заголовков\Bindable</Filter>
    </ClInclude>
    <ClInclude Include="..\..\Bridel%27sGameEngine\Bridel%27sGameEngine\Topology.h">
      <Filter>Файлы заголовков\Bindable</Filter>
    </ClInclude>
    <ClInclude Include="..\..\Bridel%27sGameEngine\Bridel%27sGameEngine\IndexBuffer.h">
      <Filter>Файлы заголовков\Bindable</Filter>
    </ClInclude>
    <ClInclude Include="..\..\Bridel%27sGameEngine\Bridel%27sGameEngine\InputLayout.h">
      <Filter>Файлы заголовков\Bindable</Filter>
    </ClInclude>
    <ClInclude Include="..\..\Bridel%27sGameEngine\Bridel%27sGameEngine\PixelShader.h">
      <Filter>Файлы заголовков\Bindable</Filter>
    </ClInclude>
    <ClInclude Include="..\..\Bridel%27sGameEngine\Bridel%27sGameEngine\VertexBuffer.h">
      <Filter>Файлы заголовков\Bindable</Filter>
    </ClInclude>
    <ClInclude Include="..\..\Bridel%27sGameEngine\Bridel%27sGameEngine\VertexShader.h">
      <Filter>Файлы заголовков\Bindable</Filter>
    </ClInclude>
    <ClInclude Include="..\..\Bridel%27sGameEngine\Bridel%27sGameEngine\ConstantBuffers.h">
      <Filter>Файлы заголовков\Bindable</Filter>
    </ClInclude>
    <ClInclude Include="..\..\Bridel%27sGameEngine\Bridel%27sGameEngine\TransformCbuf.h">
      <Filter>Файлы заголовков\Bindable</Filter>
    </ClInclude>
    <ClInclude Include="..\..\Bridel%27sGameEngine\Bridel%27sGameEngine\Drawable.h">
      <Filter>Файлы заголовков\Drawable</Filter>
    </ClInclude>
    <ClInclude Include="..\..\Bridel%27sGameEngine\Bridel%27sGameEngine\DrawableBase.h">
      <Filter>Файлы заголовков\Drawable</Filter>
    </ClInclude>
    <ClInclude Include="..\..\Bridel%27sGameEngine\Bridel%27sGameEngine\Cube.h">
      <Filter>Файлы заголовков\Drawable\Primitives</Filter>
    </ClInclude>
    <ClInclude Include="..\..\Bridel%27sGameEngine\Bridel%27sGameEngine\IndexedTriangleList.h">
      <Filter>Файлы заголовков\Drawable</Filter>
    </ClInclude>
    <ClInclude Include="..\..\Bridel%27sGameEngine\Bridel%27sGameEngine\MathInclude.h">
      <Filter>Файлы заголовков</Filter>
    </ClInclude>
    <ClInclude Include="..\..\Bridel%27sGameEngine\Bridel%27sGameEngine\Sphere.h">
      <Filter>Файлы заголовков\Drawable\Primitives</Filter>
    </ClInclude>
    <ClInclude Include="..\..\Bridel%27sGameEngine\Bridel%27sGameEngine\Cone.h">
      <Filter>Файлы заголовков\Drawable\Primitives</Filter>
    </ClInclude>
    <ClInclude Include="..\..\Bridel%27sGameEngine\Bridel%27sGameEngine\Plane.h">
      <Filter>Файлы заголовков\Drawable\Primitives</Filter>
    </ClInclude>
    <ClInclude Include="..\..\Bridel%27sGameEngine\Bridel%27sGameEngine\Prism.h">
      <Filter>Файлы заголовков\Drawable\Primitives</Filter>
    </ClInclude>
    <ClInclude Include="..\..\Bridel%27sGameEngine\Bridel%27sGameEngine\Surface.h">
      <Filter>Файлы заголовков</Filter>
    </ClInclude>
    <ClInclude Include="..\..\Bridel%27sGameEngine\Bridel%27sGameEngine\GDIPlusManager.h">
      <Filter>Файлы заголовков</Filter>
    </ClInclude>
    <ClInclude Include="..\..\Bridel%27sGameEngine\Bridel%27sGameEngine\Sampler.h">
      <Filter>Файлы заголовков\Bindable</Filter>
    </ClInclude>
    <ClInclude Include="..\..\Bridel%27sGameEngine\Bridel%27sGameEngine\Texture.h">
      <Filter>Файлы заголовков\Bindable</Filter>
    </ClInclude>
    <ClInclude Include="..\..\Bridel%27sGameEngine\Bridel%27sGameEngine\ImGui\imconfig.h">
      <Filter>ImGui</Filter>
    </ClInclude>
    <ClInclude Include="..\..\Bridel%27sGameEngine\Bridel%27sGameEngine\ImGui\imgui.h">
      <Filter>ImGui</Filter>
    </ClInclude>
    <ClInclude Include="..\..\Bridel%27sGameEngine\Bridel%27sGameEngine\ImGui\imgui_internal.h">
      <Filter>ImGui</Filter>
    </ClInclude>
    <ClInclude Include="..\..\Bridel%27sGameEngine\Bridel%27sGameEngine\ImGui\imstb_rectpack.h">
      <Filter>ImGui</Filter>
    </ClInclude>
    <ClInclude Include="..\..\Bridel%27sGameEngine\Bridel%27sGameEngine\ImGui\imstb_textedit.h">
      <Filter>ImGui</Filter>
    </ClInclude>
    <ClInclude Include="..\..\Bridel%27sGameEngine\Bridel%27sGameEngine\ImGui\imstb_truetype.h">
      <Filter>ImGui</Filter>
    </ClInclude>
    <ClInclude Include="..\..\Bridel%27sGameEngine\Bridel%27sGameEngine\ImGui\imgui_impl_dx11.h">
      <Filter>ImGui</Filter>
    </ClInclude>
    <ClInclude Include="..\..\Bridel%27sGameEngine\Bridel%27sGameEngine\ImGui\imgui_impl_win32.h">
      <Filter>ImGui</Filter>
    </ClInclude>
    <ClInclude Include="..\..\Bridel%27sGameEngine\Bridel%27sGameEngine\ImGuiManager.h">
      <Filter>Файлы заголовков</Filter>
    </ClInclude>
    <ClInclude Include="..\..\Bridel%27sGameEngine\Bridel%27sGameEngine\Camera.h">
      <Filter>Файлы заголовков</Filter>
    </ClInclude>
    <ClInclude Include="..\..\Bridel%27sGameEngine\Bridel%27sGameEngine\PointLight.h">
      <Filter>Файлы заголовков</Filter>
    </ClInclude>
    <ClInclude Include="..\..\Bridel%27sGameEngine\Bridel%27sGameEngine\TestObject.h">
      <Filter>Файлы заголовков\Drawable</Filter>
    </ClInclude>
    <ClInclude Include="..\..\Bridel%27sGameEngine\Bridel%27sGameEngine\SolidSphere.h">
      <Filter>Файлы заголовков\Drawable\Primitives</Filter>
    </ClInclude>
    <ClInclude Include="..\..\Bridel%27sGameEngine\Bridel%27sGameEngine\AssTest.h">
      <Filter>Файлы заголовков\Drawable\Primitives</Filter>
    </ClInclude>
    <ClInclude Include="..\..\Bridel%27sGameEngine\Bridel%27sGameEngine\Vertex.h">
      <Filter>Файлы заголовков</Filter>
    </ClInclude>
    <ClInclude Include="..\..\Bridel%27sGameEngine\Bridel%27sGameEngine\Color.h">
      <Filter>Файлы заголовков</Filter>
    </ClInclude>
    <ClInclude Include="..\..\Bridel%27sGameEngine\Bridel%27sGameEngine\ConditionalNoexcept.h">
      <Filter>Файлы заголовков</Filter>
    </ClInclude>
    <ClInclude Include="Mesh.h">
      <Filter>Файлы заголовков\Drawable</Filter>
    </ClInclude>
    <ClInclude Include="BindableCommon.h">
      <Filter>Файлы заголовков\Bindable</Filter>
    </ClInclude>
  </ItemGroup>
  <ItemGroup>
    <None Include="..\..\Bridel%27sGameEngine\Bridel%27sGameEngine\DXGetErrorDescription.inl">
      <Filter>Dxerr</Filter>
    </None>
    <None Include="..\..\Bridel%27sGameEngine\Bridel%27sGameEngine\DXGetErrorString.inl">
      <Filter>Dxerr</Filter>
    </None>
    <None Include="..\..\Bridel%27sGameEngine\Bridel%27sGameEngine\DXTrace.inl">
      <Filter>Dxerr</Filter>
    </None>
  </ItemGroup>
  <ItemGroup>
    <FxCompile Include="..\..\Bridel%27sGameEngine\Bridel%27sGameEngine\PhongPS.hlsl">
      <Filter>Shader</Filter>
    </FxCompile>
    <FxCompile Include="..\..\Bridel%27sGameEngine\Bridel%27sGameEngine\PhongVS.hlsl">
      <Filter>Shader</Filter>
    </FxCompile>
    <FxCompile Include="..\..\Bridel%27sGameEngine\Bridel%27sGameEngine\SolidVS.hlsl">
      <Filter>Shader</Filter>
    </FxCompile>
    <FxCompile Include="..\..\Bridel%27sGameEngine\Bridel%27sGameEngine\SolidPS.hlsl">
      <Filter>Shader</Filter>
    </FxCompile>
  </ItemGroup>
</Project>